dependencies:
- name: common
  repository: https://damacus.github.io/charts
  version: 5.0.1
- name: postgresql
  repository: https://charts.bitnami.com/bitnami
  version: 13.4.4
- name: mariadb
  repository: https://charts.bitnami.com/bitnami
  version: 15.2.2
- name: influxdb
  repository: https://charts.bitnami.com/bitnami
  version: 6.5.1
digest: sha256:830a303a85a0bfa0b6757b02c9ab19fdb5ef34d57d05031d273d45f2e19ceb7b
generated: "2025-01-13T10:28:31.713318999Z"
