dependencies:
- name: common
  repository: https://damacus.github.io/charts
  version: 5.0.1
- name: postgresql
  repository: https://charts.bitnami.com/bitnami
  version: 13.4.4
- name: mariadb
  repository: https://charts.bitnami.com/bitnami
  version: 15.2.2
- name: influxdb
  repository: https://charts.bitnami.com/bitnami
  version: 5.18.1
digest: sha256:45fa89b8648c7392129e5d29d2740cb35f499a5531f6a50d02293162c4e52a21
generated: "2024-05-01T01:42:45.558337474Z"
