dependencies:
- name: common
  repository: https://damacus.github.io/charts
  version: 5.0.1
- name: postgresql
  repository: https://charts.bitnami.com/bitnami
  version: 13.4.4
- name: mariadb
  repository: https://charts.bitnami.com/bitnami
  version: 17.0.1
- name: influxdb
  repository: https://charts.bitnami.com/bitnami
  version: 5.17.1
digest: sha256:72b44d2725a981184ab8c96dd051d27da8381b19fa07e008a547b6ad965a0be9
generated: "2024-04-01T01:08:27.378950216Z"
